%{
  "cc_precompiler": {:hex, :cc_precompiler, "0.1.8", "933a5f4da3b19ee56539a076076ce4d7716d64efc8db46fd066996a7e46e2bfd", [:mix], [{:elixir_make, "~> 0.7.3", [hex: :elixir_make, repo: "hexpm", optional: false]}], "hexpm", "176bdf4366956e456bf761b54ad70bc4103d0269ca9558fd7cee93d1b3f116db"},
  "complex": {:hex, :complex, "0.5.0", "af2d2331ff6170b61bb738695e481b27a66780e18763e066ee2cd863d0b1dd92", [:mix], [], "hexpm", "2683bd3c184466cfb94fad74cbfddfaa94b860e27ad4ca1bffe3bff169d91ef1"},
  "elixir_make": {:hex, :elixir_make, "0.7.7", "7128c60c2476019ed978210c245badf08b03dbec4f24d05790ef791da11aa17c", [:mix], [{:castore, "~> 0.1 or ~> 1.0", [hex: :castore, repo: "hexpm", optional: true]}], "hexpm", "5bc19fff950fad52bbe5f211b12db9ec82c6b34a9647da0c2224b8b8464c7e6c"},
  "nx": {:hex, :nx, "0.6.2", "f1d137f477b1a6f84f8db638f7a6d5a0f8266caea63c9918aa4583db38ebe1d6", [:mix], [{:complex, "~> 0.5", [hex: :complex, repo: "hexpm", optional: false]}, {:telemetry, "~> 0.4.0 or ~> 1.0", [hex: :telemetry, repo: "hexpm", optional: false]}], "hexpm", "ac913b68d53f25f6eb39bddcf2d2cd6ea2e9bcb6f25cf86a79e35d0411ba96ad"},
  "stb_image": {:hex, :stb_image, "0.6.3", "8e8d6da6b83275cfd7443b8309a7edce3c1b66de5309d5a2c77e7bcbccafe455", [:make, :mix], [{:cc_precompiler, "~> 0.1.0", [hex: :cc_precompiler, repo: "hexpm", optional: false]}, {:elixir_make, "~> 0.7.0", [hex: :elixir_make, repo: "hexpm", optional: false]}, {:kino, "~> 0.7", [hex: :kino, repo: "hexpm", optional: true]}, {:nx, "~> 0.4", [hex: :nx, repo: "hexpm", optional: true]}], "hexpm", "c24e83b71bb632b01d3a98e8b4efa1685dd2d5e99783efc490b6270aeee7496e"},
  "telemetry": {:hex, :telemetry, "1.2.1", "68fdfe8d8f05a8428483a97d7aab2f268aaff24b49e0f599faa091f1d4e7f61c", [:rebar3], [], "hexpm", "dad9ce9d8effc621708f99eac538ef1cbe05d6a874dd741de2e689c47feafed5"},
  "tflite_beam": {:hex, :tflite_beam, "0.3.3", "59e2f57fda41caf9229fcb6233e714f0c4a616b8bacb0b62575722f44cdec872", [:rebar3], [], "hexpm", "ef96f3461f3bea1940035695d176509871dffe3a73b409daa1eeda65723bf76f"},
  "tflite_elixir": {:hex, :tflite_elixir, "0.3.4", "3ac31e71d0354ddd823d9eedb3a739752cfe2c578578a4b36c880385ca468950", [:mix], [{:nx, "~> 0.5", [hex: :nx, repo: "hexpm", optional: false]}, {:stb_image, "~> 0.6", [hex: :stb_image, repo: "hexpm", optional: false]}, {:tflite_beam, "~> 0.3.3", [hex: :tflite_beam, repo: "hexpm", optional: false]}], "hexpm", "887adc45a1741d8b239af9f3513e5ef6a700ca41ae3d2aa97de5dc11a19ed79d"},
}
